# @generated - this file is auto-generated by `mise lock` https://mise.jdx.dev/dev-tools/mise-lock.html

lockfile_version = 1

[[tools.gradle]]
version = "9.7.1"
backend = "aqua:gradle/gradle-distributions"
specifiers = ["9.7.1"]

[tools.gradle."platforms.linux-arm64"]
checksum = "sha256:acd53f1edaf02f1a8ff99879f8a34b302661a057d9b063ae9e35b552f804d20a"
url = "https://github.com/gradle/gradle-distributions/releases/download/v9.7.1/gradle-9.7.1-bin.zip"
url_api = "https://api.github.com/repos/gradle/gradle-distributions/releases/assets/520945879"

[tools.gradle."platforms.linux-arm64-musl"]
checksum = "sha256:acd53f1edaf02f1a8ff99879f8a34b302661a057d9b063ae9e35b552f804d20a"
url = "https://github.com/gradle/gradle-distributions/releases/download/v9.7.1/gradle-9.7.1-bin.zip"
url_api = "https://api.github.com/repos/gradle/gradle-distributions/releases/assets/520945879"

[tools.gradle."platforms.linux-x64"]
checksum = "sha256:acd53f1edaf02f1a8ff99879f8a34b302661a057d9b063ae9e35b552f804d20a"
url = "https://github.com/gradle/gradle-distributions/releases/download/v9.7.1/gradle-9.7.1-bin.zip"
url_api = "https://api.github.com/repos/gradle/gradle-distributions/releases/assets/520945879"

[tools.gradle."platforms.linux-x64-musl"]
checksum = "sha256:acd53f1edaf02f1a8ff99879f8a34b302661a057d9b063ae9e35b552f804d20a"
url = "https://github.com/gradle/gradle-distributions/releases/download/v9.7.1/gradle-9.7.1-bin.zip"
url_api = "https://api.github.com/repos/gradle/gradle-distributions/releases/assets/520945879"

[tools.gradle."platforms.macos-arm64"]
checksum = "sha256:acd53f1edaf02f1a8ff99879f8a34b302661a057d9b063ae9e35b552f804d20a"
url = "https://github.com/gradle/gradle-distributions/releases/download/v9.7.1/gradle-9.7.1-bin.zip"
url_api = "https://api.github.com/repos/gradle/gradle-distributions/releases/assets/520945879"

[tools.gradle."platforms.macos-x64"]
checksum = "sha256:acd53f1edaf02f1a8ff99879f8a34b302661a057d9b063ae9e35b552f804d20a"
url = "https://github.com/gradle/gradle-distributions/releases/download/v9.7.1/gradle-9.7.1-bin.zip"
url_api = "https://api.github.com/repos/gradle/gradle-distributions/releases/assets/520945879"

[tools.gradle."platforms.windows-x64"]
checksum = "sha256:acd53f1edaf02f1a8ff99879f8a34b302661a057d9b063ae9e35b552f804d20a"
url = "https://github.com/gradle/gradle-distributions/releases/download/v9.7.1/gradle-9.7.1-bin.zip"
url_api = "https://api.github.com/repos/gradle/gradle-distributions/releases/assets/520945879"

[[tools.java]]
version = "17.0.2"
backend = "core:java"
specifiers = ["17.0.2"]

[tools.java.options]
shorthand_vendor = "openjdk"

[tools.java."platforms.linux-arm64"]
checksum = "sha256:13bfd976acf8803f862e82c7113fb0e9311ca5458b1decaef8a09ffd91119fa4"
url = "https://download.java.net/java/GA/jdk17.0.2/dfd4a8d0985749f896bed50d7138ee7f/8/GPL/openjdk-17.0.2_linux-aarch64_bin.tar.gz"

[tools.java."platforms.linux-x64"]
checksum = "sha256:0022753d0cceecacdd3a795dd4cea2bd7ffdf9dc06e22ffd1be98411742fbb44"
url = "https://download.java.net/java/GA/jdk17.0.2/dfd4a8d0985749f896bed50d7138ee7f/8/GPL/openjdk-17.0.2_linux-x64_bin.tar.gz"

[tools.java."platforms.macos-arm64"]
checksum = "sha256:602d7de72526368bb3f80d95c4427696ea639d2e0cc40455f53ff0bbb18c27c8"
url = "https://download.java.net/java/GA/jdk17.0.2/dfd4a8d0985749f896bed50d7138ee7f/8/GPL/openjdk-17.0.2_macos-aarch64_bin.tar.gz"

[tools.java."platforms.macos-x64"]
checksum = "sha256:b85c4aaf7b141825ad3a0ea34b965e45c15d5963677e9b27235aa05f65c6df06"
url = "https://download.java.net/java/GA/jdk17.0.2/dfd4a8d0985749f896bed50d7138ee7f/8/GPL/openjdk-17.0.2_macos-x64_bin.tar.gz"

[tools.java."platforms.windows-x64"]
checksum = "sha256:b2208206bda47f2e0c971a39e057a5ec32c40b503d71e486790cb728d926b615"
url = "https://download.java.net/java/GA/jdk17.0.2/dfd4a8d0985749f896bed50d7138ee7f/8/GPL/openjdk-17.0.2_windows-x64_bin.zip"
